
Microsoft Visual Studio Solution File, Format Version 12.00
# Visual Studio Version 17
VisualStudioVersion = 17.4.33213.308
MinimumVisualStudioVersion = 10.0.40219.1
Project("{FAE04EC0-301F-11D3-BF4B-00C04F79EFBC}") = "TerritoryCleaning", "TerritoryCleaning.csproj", "{8DD9EE96-24AB-477A-AB75-5CDB91B92380}"
EndProject
Project("{FAE04EC0-301F-11D3-BF4B-00C04F79EFBC}") = "TerritoryCleaningTests", "..\TerritoryCleaningTests\TerritoryCleaningTests.csproj", "{AA9E3F70-E529-46B4-B039-87206241B2EE}"
EndProject
Global
	GlobalSection(SolutionConfigurationPlatforms) = preSolution
		Debug|Any CPU = Debug|Any CPU
		Release|Any CPU = Release|Any CPU
	EndGlobalSection
	GlobalSection(ProjectConfigurationPlatforms) = postSolution
		{8DD9EE96-24AB-477A-AB75-5CDB91B92380}.Debug|Any CPU.ActiveCfg = Debug|Any CPU
		{8DD9EE96-24AB-477A-AB75-5CDB91B92380}.Debug|Any CPU.Build.0 = Debug|Any CPU
		{8DD9EE96-24AB-477A-AB75-5CDB91B92380}.Release|Any CPU.ActiveCfg = Release|Any CPU
		{8DD9EE96-24AB-477A-AB75-5CDB91B92380}.Release|Any CPU.Build.0 = Release|Any CPU
		{AA9E3F70-E529-46B4-B039-87206241B2EE}.Debug|Any CPU.ActiveCfg = Debug|Any CPU
		{AA9E3F70-E529-46B4-B039-87206241B2EE}.Debug|Any CPU.Build.0 = Debug|Any CPU
		{AA9E3F70-E529-46B4-B039-87206241B2EE}.Release|Any CPU.ActiveCfg = Release|Any CPU
		{AA9E3F70-E529-46B4-B039-87206241B2EE}.Release|Any CPU.Build.0 = Release|Any CPU
	EndGlobalSection
	GlobalSection(SolutionProperties) = preSolution
		HideSolutionNode = FALSE
	EndGlobalSection
	GlobalSection(ExtensibilityGlobals) = postSolution
		SolutionGuid = {8A2D3464-0726-442F-AD4B-545238071DCB}
	EndGlobalSection
EndGlobal
